
Microsoft Visual Studio Solution File, Format Version 12.00
# Visual Studio Version 17
VisualStudioVersion = 17.0.31903.59
MinimumVisualStudioVersion = 10.0.40219.1
Project("{2150E333-8FDC-42A3-9474-1A3956D46DE8}") = "host", "host", "{BC04B74F-7CAC-4ACC-BFD9-6DED68564777}"
EndProject
Project("{2150E333-8FDC-42A3-9474-1A3956D46DE8}") = "src", "src", "{AF96C03E-E3CE-4E4B-8A3F-7C117BA602AA}"
EndProject
Project("{9A19103F-16F7-4668-BE54-9A1E7A4F7556}") = "TobaccoDMAuthorization.Domain", "src\TobaccoDMAuthorization.Domain\TobaccoDMAuthorization.Domain.csproj", "{1344AE09-FD68-40B3-826C-B97BC0A18C3D}"
EndProject
Project("{9A19103F-16F7-4668-BE54-9A1E7A4F7556}") = "TobaccoDMAuthorization.Infrastructure", "src\TobaccoDMAuthorization.Infrastructure\TobaccoDMAuthorization.Infrastructure.csproj", "{0133C343-273C-4073-8140-47F8B6FBC990}"
EndProject
Project("{9A19103F-16F7-4668-BE54-9A1E7A4F7556}") = "TobaccoDMAuthorization.Host", "host\TobaccoDMAuthorization.Host\TobaccoDMAuthorization.Host.csproj", "{69FBA34B-8170-4669-B52B-7E23008FCBE5}"
EndProject
Project("{FAE04EC0-301F-11D3-BF4B-00C04F79EFBC}") = "TobaccoDMAuthorization.UseCase", "src\TobaccoDMAuthorization.UseCase\TobaccoDMAuthorization.UseCase.csproj", "{26C9A27E-8C32-4403-9E72-F3F336CA68E5}"
EndProject
Project("{FAE04EC0-301F-11D3-BF4B-00C04F79EFBC}") = "TobaccoDMAuthorization.HttpApi", "src\TobaccoDMAuthorization.HttpApi\TobaccoDMAuthorization.HttpApi.csproj", "{893156FD-3D1A-4024-B381-EFAC598991E0}"
EndProject
Project("{2150E333-8FDC-42A3-9474-1A3956D46DE8}") = "aspires", "aspires", "{5D7E1F40-8C7D-4E04-B389-253D580BBD3D}"
EndProject
Project("{FAE04EC0-301F-11D3-BF4B-00C04F79EFBC}") = "TobaccoDMAuthorization.ServiceDefaults", "aspires\TobaccoDMAuthorization.ServiceDefaults\TobaccoDMAuthorization.ServiceDefaults.csproj", "{CE98A2AA-7235-49FE-ABDD-88D793DA0628}"
EndProject
Project("{FAE04EC0-301F-11D3-BF4B-00C04F79EFBC}") = "TobaccoDMAuthorization.AppHost", "aspires\TobaccoDMAuthorization.AppHost\TobaccoDMAuthorization.AppHost.csproj", "{4A83F774-939B-4D56-9103-227CB41217CA}"
EndProject
Global
	GlobalSection(SolutionConfigurationPlatforms) = preSolution
		Debug|Any CPU = Debug|Any CPU
		Release|Any CPU = Release|Any CPU
	EndGlobalSection
	GlobalSection(ProjectConfigurationPlatforms) = postSolution
		{1344AE09-FD68-40B3-826C-B97BC0A18C3D}.Debug|Any CPU.ActiveCfg = Debug|Any CPU
		{1344AE09-FD68-40B3-826C-B97BC0A18C3D}.Debug|Any CPU.Build.0 = Debug|Any CPU
		{1344AE09-FD68-40B3-826C-B97BC0A18C3D}.Release|Any CPU.ActiveCfg = Release|Any CPU
		{1344AE09-FD68-40B3-826C-B97BC0A18C3D}.Release|Any CPU.Build.0 = Release|Any CPU
		{0133C343-273C-4073-8140-47F8B6FBC990}.Debug|Any CPU.ActiveCfg = Debug|Any CPU
		{0133C343-273C-4073-8140-47F8B6FBC990}.Debug|Any CPU.Build.0 = Debug|Any CPU
		{0133C343-273C-4073-8140-47F8B6FBC990}.Release|Any CPU.ActiveCfg = Release|Any CPU
		{0133C343-273C-4073-8140-47F8B6FBC990}.Release|Any CPU.Build.0 = Release|Any CPU
		{69FBA34B-8170-4669-B52B-7E23008FCBE5}.Debug|Any CPU.ActiveCfg = Debug|Any CPU
		{69FBA34B-8170-4669-B52B-7E23008FCBE5}.Debug|Any CPU.Build.0 = Debug|Any CPU
		{69FBA34B-8170-4669-B52B-7E23008FCBE5}.Release|Any CPU.ActiveCfg = Release|Any CPU
		{69FBA34B-8170-4669-B52B-7E23008FCBE5}.Release|Any CPU.Build.0 = Release|Any CPU
		{26C9A27E-8C32-4403-9E72-F3F336CA68E5}.Debug|Any CPU.ActiveCfg = Debug|Any CPU
		{26C9A27E-8C32-4403-9E72-F3F336CA68E5}.Debug|Any CPU.Build.0 = Debug|Any CPU
		{26C9A27E-8C32-4403-9E72-F3F336CA68E5}.Release|Any CPU.ActiveCfg = Release|Any CPU
		{26C9A27E-8C32-4403-9E72-F3F336CA68E5}.Release|Any CPU.Build.0 = Release|Any CPU
		{893156FD-3D1A-4024-B381-EFAC598991E0}.Debug|Any CPU.ActiveCfg = Debug|Any CPU
		{893156FD-3D1A-4024-B381-EFAC598991E0}.Debug|Any CPU.Build.0 = Debug|Any CPU
		{893156FD-3D1A-4024-B381-EFAC598991E0}.Release|Any CPU.ActiveCfg = Release|Any CPU
		{893156FD-3D1A-4024-B381-EFAC598991E0}.Release|Any CPU.Build.0 = Release|Any CPU
		{CE98A2AA-7235-49FE-ABDD-88D793DA0628}.Debug|Any CPU.ActiveCfg = Debug|Any CPU
		{CE98A2AA-7235-49FE-ABDD-88D793DA0628}.Debug|Any CPU.Build.0 = Debug|Any CPU
		{CE98A2AA-7235-49FE-ABDD-88D793DA0628}.Release|Any CPU.ActiveCfg = Release|Any CPU
		{CE98A2AA-7235-49FE-ABDD-88D793DA0628}.Release|Any CPU.Build.0 = Release|Any CPU
		{4A83F774-939B-4D56-9103-227CB41217CA}.Debug|Any CPU.ActiveCfg = Debug|Any CPU
		{4A83F774-939B-4D56-9103-227CB41217CA}.Debug|Any CPU.Build.0 = Debug|Any CPU
		{4A83F774-939B-4D56-9103-227CB41217CA}.Release|Any CPU.ActiveCfg = Release|Any CPU
		{4A83F774-939B-4D56-9103-227CB41217CA}.Release|Any CPU.Build.0 = Release|Any CPU
	EndGlobalSection
	GlobalSection(SolutionProperties) = preSolution
		HideSolutionNode = FALSE
	EndGlobalSection
	GlobalSection(NestedProjects) = preSolution
		{1344AE09-FD68-40B3-826C-B97BC0A18C3D} = {AF96C03E-E3CE-4E4B-8A3F-7C117BA602AA}
		{0133C343-273C-4073-8140-47F8B6FBC990} = {AF96C03E-E3CE-4E4B-8A3F-7C117BA602AA}
		{69FBA34B-8170-4669-B52B-7E23008FCBE5} = {BC04B74F-7CAC-4ACC-BFD9-6DED68564777}
		{26C9A27E-8C32-4403-9E72-F3F336CA68E5} = {AF96C03E-E3CE-4E4B-8A3F-7C117BA602AA}
		{893156FD-3D1A-4024-B381-EFAC598991E0} = {AF96C03E-E3CE-4E4B-8A3F-7C117BA602AA}
		{CE98A2AA-7235-49FE-ABDD-88D793DA0628} = {5D7E1F40-8C7D-4E04-B389-253D580BBD3D}
		{4A83F774-939B-4D56-9103-227CB41217CA} = {5D7E1F40-8C7D-4E04-B389-253D580BBD3D}
	EndGlobalSection
EndGlobal
